
Microsoft Visual Studio Solution File, Format Version 11.00
# Visual Studio 
Project("{F184B08F-C81C-45F6-A57F-5ABD9991F28F}") = "SchematicAutorefreshVBNet", "SchematicAutorefreshVBNet.vbproj", "{1433A01A-32F2-410C-8BB6-A530596C18D1}"
EndProject
Global
	GlobalSection(SolutionConfigurationPlatforms) = preSolution
		Debug|Any CPU = Debug|Any CPU
		Release|Any CPU = Release|Any CPU
	EndGlobalSection
	GlobalSection(ProjectConfigurationPlatforms) = postSolution
		{1433A01A-32F2-410C-8BB6-A530596C18D1}.Debug|Any CPU.ActiveCfg = Debug|Any CPU
		{1433A01A-32F2-410C-8BB6-A530596C18D1}.Debug|Any CPU.Build.0 = Debug|Any CPU
		{1433A01A-32F2-410C-8BB6-A530596C18D1}.Release|Any CPU.ActiveCfg = Release|Any CPU
		{1433A01A-32F2-410C-8BB6-A530596C18D1}.Release|Any CPU.Build.0 = Release|Any CPU
	EndGlobalSection
	GlobalSection(SolutionProperties) = preSolution
		HideSolutionNode = FALSE
	EndGlobalSection
EndGlobal
