
Microsoft Visual Studio Solution File, Format Version 11.00
# Visual Studio 2010
Project("{FAE04EC0-301F-11D3-BF4B-00C04F79EFBC}") = "CustomMenus", "CustomMenus.csproj", "{D2490CA8-93B7-4AC6-9986-ED2866998470}"
EndProject
Global
	GlobalSection(SolutionConfigurationPlatforms) = preSolution
		Debug|Any CPU = Debug|Any CPU
		Release|Any CPU = Release|Any CPU
	EndGlobalSection
	GlobalSection(ProjectConfigurationPlatforms) = postSolution
		{D2490CA8-93B7-4AC6-9986-ED2866998470}.Debug|Any CPU.ActiveCfg = Debug|Any CPU
		{D2490CA8-93B7-4AC6-9986-ED2866998470}.Debug|Any CPU.Build.0 = Debug|Any CPU
		{D2490CA8-93B7-4AC6-9986-ED2866998470}.Release|Any CPU.ActiveCfg = Release|Any CPU
		{D2490CA8-93B7-4AC6-9986-ED2866998470}.Release|Any CPU.Build.0 = Release|Any CPU
	EndGlobalSection
	GlobalSection(SolutionProperties) = preSolution
		HideSolutionNode = FALSE
	EndGlobalSection
EndGlobal
