
Microsoft Visual Studio Solution File, Format Version 11.00
# Visual Studio 2012
Project("{FAE04EC0-301F-11D3-BF4B-00C04F79EFBC}") = "NetSimpleSoapSOEClient", "SimpleSoapSOAPClient\NetSimpleSoapSOEClient.csproj", "{90E3E4BF-927A-4D05-8CC7-261FCA351B62}"
EndProject
Global
	GlobalSection(SolutionConfigurationPlatforms) = preSolution
		Debug|Any CPU = Debug|Any CPU
		Release|Any CPU = Release|Any CPU
	EndGlobalSection
	GlobalSection(ProjectConfigurationPlatforms) = postSolution
		{90E3E4BF-927A-4D05-8CC7-261FCA351B62}.Debug|Any CPU.ActiveCfg = Debug|Any CPU
		{90E3E4BF-927A-4D05-8CC7-261FCA351B62}.Debug|Any CPU.Build.0 = Debug|Any CPU
		{90E3E4BF-927A-4D05-8CC7-261FCA351B62}.Release|Any CPU.ActiveCfg = Release|Any CPU
		{90E3E4BF-927A-4D05-8CC7-261FCA351B62}.Release|Any CPU.Build.0 = Release|Any CPU
	EndGlobalSection
	GlobalSection(SolutionProperties) = preSolution
		HideSolutionNode = FALSE
	EndGlobalSection
EndGlobal
