
Microsoft Visual Studio Solution File, Format Version 12.00
# Visual Studio Version 16
VisualStudioVersion = 16.0.29306.81
MinimumVisualStudioVersion = 10.0.40219.1
Project("{FAE04EC0-301F-11D3-BF4B-00C04F79EFBC}") = "NetSimpleSoapSOE", "SimpleSoapSOE\NetSimpleSoapSOE.csproj", "{A5913A81-0E17-4855-81BE-122201E69C95}"
EndProject
Global
	GlobalSection(SolutionConfigurationPlatforms) = preSolution
		Debug|Any CPU = Debug|Any CPU
		Release|Any CPU = Release|Any CPU
	EndGlobalSection
	GlobalSection(ProjectConfigurationPlatforms) = postSolution
		{A5913A81-0E17-4855-81BE-122201E69C95}.Debug|Any CPU.ActiveCfg = Debug|Any CPU
		{A5913A81-0E17-4855-81BE-122201E69C95}.Debug|Any CPU.Build.0 = Debug|Any CPU
		{A5913A81-0E17-4855-81BE-122201E69C95}.Release|Any CPU.ActiveCfg = Release|Any CPU
		{A5913A81-0E17-4855-81BE-122201E69C95}.Release|Any CPU.Build.0 = Release|Any CPU
	EndGlobalSection
	GlobalSection(SolutionProperties) = preSolution
		HideSolutionNode = FALSE
	EndGlobalSection
	GlobalSection(ExtensibilityGlobals) = postSolution
		SolutionGuid = {732C85D9-DB99-4737-8476-29AFA0581B96}
	EndGlobalSection
EndGlobal
