
Microsoft Visual Studio Solution File, Format Version 11.00
# Visual Studio 2010
Project("{FAE04EC0-301F-11D3-BF4B-00C04F79EFBC}") = "CommandSubtypeCS", "CommandSubtypeCS.csproj", "{6B926B10-7A0B-4460-9CAE-BA57AE9871DD}"
EndProject
Global
	GlobalSection(SolutionConfigurationPlatforms) = preSolution
		Debug|Any CPU = Debug|Any CPU
		Release|Any CPU = Release|Any CPU
	EndGlobalSection
	GlobalSection(ProjectConfigurationPlatforms) = postSolution
		{6B926B10-7A0B-4460-9CAE-BA57AE9871DD}.Debug|Any CPU.ActiveCfg = Debug|Any CPU
		{6B926B10-7A0B-4460-9CAE-BA57AE9871DD}.Debug|Any CPU.Build.0 = Debug|Any CPU
		{6B926B10-7A0B-4460-9CAE-BA57AE9871DD}.Release|Any CPU.ActiveCfg = Release|Any CPU
		{6B926B10-7A0B-4460-9CAE-BA57AE9871DD}.Release|Any CPU.Build.0 = Release|Any CPU
	EndGlobalSection
	GlobalSection(SolutionProperties) = preSolution
		HideSolutionNode = FALSE
	EndGlobalSection
EndGlobal
