
Microsoft Visual Studio Solution File, Format Version 11.00
# Visual Studio 2010
Project("{F184B08F-C81C-45F6-A57F-5ABD9991F28F}") = "RunGPAsync", "RunGPAsync.vbproj", "{1C5EA046-F6EB-4A7D-8C9F-F9A0B7B914A1}"
EndProject
Global
	GlobalSection(SolutionConfigurationPlatforms) = preSolution
		Debug|x86 = Debug|x86
		Release|x86 = Release|x86
	EndGlobalSection
	GlobalSection(ProjectConfigurationPlatforms) = postSolution
		{1C5EA046-F6EB-4A7D-8C9F-F9A0B7B914A1}.Debug|x86.ActiveCfg = Debug|x86
		{1C5EA046-F6EB-4A7D-8C9F-F9A0B7B914A1}.Debug|x86.Build.0 = Debug|x86
		{1C5EA046-F6EB-4A7D-8C9F-F9A0B7B914A1}.Release|x86.ActiveCfg = Release|x86
		{1C5EA046-F6EB-4A7D-8C9F-F9A0B7B914A1}.Release|x86.Build.0 = Release|x86
	EndGlobalSection
	GlobalSection(SolutionProperties) = preSolution
		HideSolutionNode = FALSE
	EndGlobalSection
EndGlobal
