
Microsoft Visual Studio Solution File, Format Version 11.00
# Visual Studio 
Project("{FAE04EC0-301F-11D3-BF4B-00C04F79EFBC}") = "PrintMultiPagesCS_NET_Addin", "PrintMultiPagesCS_NET_Addin.csproj", "{8F65F78B-F8E9-44E4-BB3E-03FB4A1C18D9}"
EndProject
Global
	GlobalSection(SolutionConfigurationPlatforms) = preSolution
		Debug|Any CPU = Debug|Any CPU
		Debug|x86 = Debug|x86
		Release|Any CPU = Release|Any CPU
		Release|x86 = Release|x86
	EndGlobalSection
	GlobalSection(ProjectConfigurationPlatforms) = postSolution
		{8F65F78B-F8E9-44E4-BB3E-03FB4A1C18D9}.Debug|Any CPU.ActiveCfg = Debug|Any CPU
		{8F65F78B-F8E9-44E4-BB3E-03FB4A1C18D9}.Debug|Any CPU.Build.0 = Debug|Any CPU
		{8F65F78B-F8E9-44E4-BB3E-03FB4A1C18D9}.Debug|x86.ActiveCfg = Debug|x86
		{8F65F78B-F8E9-44E4-BB3E-03FB4A1C18D9}.Debug|x86.Build.0 = Debug|x86
		{8F65F78B-F8E9-44E4-BB3E-03FB4A1C18D9}.Release|Any CPU.ActiveCfg = Release|Any CPU
		{8F65F78B-F8E9-44E4-BB3E-03FB4A1C18D9}.Release|Any CPU.Build.0 = Release|Any CPU
		{8F65F78B-F8E9-44E4-BB3E-03FB4A1C18D9}.Release|x86.ActiveCfg = Release|x86
		{8F65F78B-F8E9-44E4-BB3E-03FB4A1C18D9}.Release|x86.Build.0 = Release|x86
	EndGlobalSection
	GlobalSection(SolutionProperties) = preSolution
		HideSolutionNode = FALSE
	EndGlobalSection
EndGlobal
