
Microsoft Visual Studio Solution File, Format Version 11.00
# Visual Studio 
Project("{FAE04EC0-301F-11D3-BF4B-00C04F79EFBC}") = "TestDMCIIRasterType", "TestDMCIIRasterType\TestDMCIIRasterType.csproj", "{D872AEDA-C49E-4B44-A71C-3270D79147C1}"
EndProject
Project("{FAE04EC0-301F-11D3-BF4B-00C04F79EFBC}") = "DMCIIRasterType", "DMCIIRasterType\DMCIIRasterType.csproj", "{14751CBA-C4DC-477A-8ADE-86E4AEBBED9D}"
EndProject
Global
	GlobalSection(SolutionConfigurationPlatforms) = preSolution
		Debug|Any CPU = Debug|Any CPU
		Debug|Mixed Platforms = Debug|Mixed Platforms
		Debug|x86 = Debug|x86
		Release|Any CPU = Release|Any CPU
		Release|Mixed Platforms = Release|Mixed Platforms
		Release|x86 = Release|x86
	EndGlobalSection
	GlobalSection(ProjectConfigurationPlatforms) = postSolution
		{D872AEDA-C49E-4B44-A71C-3270D79147C1}.Debug|Any CPU.ActiveCfg = Debug|x86
		{D872AEDA-C49E-4B44-A71C-3270D79147C1}.Debug|Mixed Platforms.ActiveCfg = Debug|x86
		{D872AEDA-C49E-4B44-A71C-3270D79147C1}.Debug|Mixed Platforms.Build.0 = Debug|x86
		{D872AEDA-C49E-4B44-A71C-3270D79147C1}.Debug|x86.ActiveCfg = Debug|x86
		{D872AEDA-C49E-4B44-A71C-3270D79147C1}.Debug|x86.Build.0 = Debug|x86
		{D872AEDA-C49E-4B44-A71C-3270D79147C1}.Release|Any CPU.ActiveCfg = Release|x86
		{D872AEDA-C49E-4B44-A71C-3270D79147C1}.Release|Mixed Platforms.ActiveCfg = Release|x86
		{D872AEDA-C49E-4B44-A71C-3270D79147C1}.Release|Mixed Platforms.Build.0 = Release|x86
		{D872AEDA-C49E-4B44-A71C-3270D79147C1}.Release|x86.ActiveCfg = Release|x86
		{D872AEDA-C49E-4B44-A71C-3270D79147C1}.Release|x86.Build.0 = Release|x86
		{14751CBA-C4DC-477A-8ADE-86E4AEBBED9D}.Debug|Any CPU.ActiveCfg = Debug|Any CPU
		{14751CBA-C4DC-477A-8ADE-86E4AEBBED9D}.Debug|Any CPU.Build.0 = Debug|Any CPU
		{14751CBA-C4DC-477A-8ADE-86E4AEBBED9D}.Debug|Mixed Platforms.ActiveCfg = Debug|Any CPU
		{14751CBA-C4DC-477A-8ADE-86E4AEBBED9D}.Debug|Mixed Platforms.Build.0 = Debug|Any CPU
		{14751CBA-C4DC-477A-8ADE-86E4AEBBED9D}.Debug|x86.ActiveCfg = Debug|Any CPU
		{14751CBA-C4DC-477A-8ADE-86E4AEBBED9D}.Release|Any CPU.ActiveCfg = Release|Any CPU
		{14751CBA-C4DC-477A-8ADE-86E4AEBBED9D}.Release|Any CPU.Build.0 = Release|Any CPU
		{14751CBA-C4DC-477A-8ADE-86E4AEBBED9D}.Release|Mixed Platforms.ActiveCfg = Release|Any CPU
		{14751CBA-C4DC-477A-8ADE-86E4AEBBED9D}.Release|Mixed Platforms.Build.0 = Release|Any CPU
		{14751CBA-C4DC-477A-8ADE-86E4AEBBED9D}.Release|x86.ActiveCfg = Release|Any CPU
	EndGlobalSection
	GlobalSection(SolutionProperties) = preSolution
		HideSolutionNode = FALSE
	EndGlobalSection
EndGlobal
