
Microsoft Visual Studio Solution File, Format Version 11.00
# Visual Studio 2010
Project("{FAE04EC0-301F-11D3-BF4B-00C04F79EFBC}") = "Timestamper", "Timestamper.csproj", "{6503F5C6-5C10-4A0D-B792-0F96F290F82C}"
EndProject
Global
	GlobalSection(SolutionConfigurationPlatforms) = preSolution
		Debug|Any CPU = Debug|Any CPU
		Release|Any CPU = Release|Any CPU
	EndGlobalSection
	GlobalSection(ProjectConfigurationPlatforms) = postSolution
		{6503F5C6-5C10-4A0D-B792-0F96F290F82C}.Debug|Any CPU.ActiveCfg = Debug|Any CPU
		{6503F5C6-5C10-4A0D-B792-0F96F290F82C}.Debug|Any CPU.Build.0 = Debug|Any CPU
		{6503F5C6-5C10-4A0D-B792-0F96F290F82C}.Release|Any CPU.ActiveCfg = Release|Any CPU
		{6503F5C6-5C10-4A0D-B792-0F96F290F82C}.Release|Any CPU.Build.0 = Release|Any CPU
	EndGlobalSection
	GlobalSection(SolutionProperties) = preSolution
		HideSolutionNode = FALSE
	EndGlobalSection
EndGlobal
