Microsoft Visual Studio Solution File, Format Version 11.00
# Visual Studio 
Project("{F184B08F-C81C-45F6-A57F-5ABD9991F28F}") = "SpinGlobe", "SpinGlobe.vbproj", "{D415F470-9125-4666-BAB7-1763F2A8EDCA}"
EndProject
Global
	GlobalSection(SolutionConfigurationPlatforms) = preSolution
		Debug|x86 = Debug|x86
		Release|x86 = Release|x86
	EndGlobalSection
	GlobalSection(ProjectConfigurationPlatforms) = postSolution
		{D415F470-9125-4666-BAB7-1763F2A8EDCA}.Debug|x86.ActiveCfg = Debug|x86
		{D415F470-9125-4666-BAB7-1763F2A8EDCA}.Debug|x86.Build.0 = Debug|x86
		{D415F470-9125-4666-BAB7-1763F2A8EDCA}.Release|x86.ActiveCfg = Release|x86
		{D415F470-9125-4666-BAB7-1763F2A8EDCA}.Release|x86.Build.0 = Release|x86
	EndGlobalSection
	GlobalSection(SolutionProperties) = preSolution
		HideSolutionNode = FALSE
	EndGlobalSection
EndGlobal
