
Microsoft Visual Studio Solution File, Format Version 11.00
# Visual Studio 2010
Project("{F184B08F-C81C-45F6-A57F-5ABD9991F28F}") = "CustomTool", "CustomTool.vbproj", "{1237C2AD-F3D0-4AAE-AF13-10B2781B00A2}"
EndProject
Global
	GlobalSection(SolutionConfigurationPlatforms) = preSolution
		Debug|Any CPU = Debug|Any CPU
		Release|Any CPU = Release|Any CPU
	EndGlobalSection
	GlobalSection(ProjectConfigurationPlatforms) = postSolution
		{1237C2AD-F3D0-4AAE-AF13-10B2781B00A2}.Debug|Any CPU.ActiveCfg = Debug|Any CPU
		{1237C2AD-F3D0-4AAE-AF13-10B2781B00A2}.Debug|Any CPU.Build.0 = Debug|Any CPU
		{1237C2AD-F3D0-4AAE-AF13-10B2781B00A2}.Release|Any CPU.ActiveCfg = Release|Any CPU
		{1237C2AD-F3D0-4AAE-AF13-10B2781B00A2}.Release|Any CPU.Build.0 = Release|Any CPU
	EndGlobalSection
	GlobalSection(SolutionProperties) = preSolution
		HideSolutionNode = FALSE
	EndGlobalSection
EndGlobal
