
Microsoft Visual Studio Solution File, Format Version 11.00
# Visual Studio 
Project("{FAE04EC0-301F-11D3-BF4B-00C04F79EFBC}") = "SchematicCreateBasicSettingsAddInCS", "SchematicCreateBasicSettingsAddInCS.csproj", "{B9AFC67B-202F-4FA2-B0D0-DE31698283A8}"
EndProject
Global
	GlobalSection(SolutionConfigurationPlatforms) = preSolution
		Debug|Any CPU = Debug|Any CPU
		Release|Any CPU = Release|Any CPU
	EndGlobalSection
	GlobalSection(ProjectConfigurationPlatforms) = postSolution
		{B9AFC67B-202F-4FA2-B0D0-DE31698283A8}.Debug|Any CPU.ActiveCfg = Debug|Any CPU
		{B9AFC67B-202F-4FA2-B0D0-DE31698283A8}.Debug|Any CPU.Build.0 = Debug|Any CPU
		{B9AFC67B-202F-4FA2-B0D0-DE31698283A8}.Release|Any CPU.ActiveCfg = Release|Any CPU
		{B9AFC67B-202F-4FA2-B0D0-DE31698283A8}.Release|Any CPU.Build.0 = Release|Any CPU
	EndGlobalSection
	GlobalSection(SolutionProperties) = preSolution
		HideSolutionNode = FALSE
	EndGlobalSection
EndGlobal
