
Microsoft Visual Studio Solution File, Format Version 11.00
# Visual Studio 2010
Project("{F184B08F-C81C-45F6-A57F-5ABD9991F28F}") = "GeoprocessorEventHelper", "GeoprocessorEventHelper\GeoprocessorEventHelper.vbproj", "{D5DE12C8-2EEB-444D-9D1C-283AF501E5E3}"
EndProject
Project("{F184B08F-C81C-45F6-A57F-5ABD9991F28F}") = "TestListner", "TestListner\TestListner.vbproj", "{D0847EC0-45DC-4453-9CDC-BA137D423265}"
EndProject
Global
	GlobalSection(SolutionConfigurationPlatforms) = preSolution
		Debug|x86 = Debug|x86
		Release|x86 = Release|x86
	EndGlobalSection
	GlobalSection(ProjectConfigurationPlatforms) = postSolution
		{D5DE12C8-2EEB-444D-9D1C-283AF501E5E3}.Debug|x86.ActiveCfg = Debug|x86
		{D5DE12C8-2EEB-444D-9D1C-283AF501E5E3}.Debug|x86.Build.0 = Debug|x86
		{D5DE12C8-2EEB-444D-9D1C-283AF501E5E3}.Release|x86.ActiveCfg = Release|x86
		{D5DE12C8-2EEB-444D-9D1C-283AF501E5E3}.Release|x86.Build.0 = Release|x86
		{D0847EC0-45DC-4453-9CDC-BA137D423265}.Debug|x86.ActiveCfg = Debug|x86
		{D0847EC0-45DC-4453-9CDC-BA137D423265}.Debug|x86.Build.0 = Debug|x86
		{D0847EC0-45DC-4453-9CDC-BA137D423265}.Release|x86.ActiveCfg = Release|x86
		{D0847EC0-45DC-4453-9CDC-BA137D423265}.Release|x86.Build.0 = Release|x86
	EndGlobalSection
	GlobalSection(SolutionProperties) = preSolution
		HideSolutionNode = FALSE
	EndGlobalSection
EndGlobal
