Microsoft Visual Studio Solution File, Format Version 11.00
# Visual Studio 
Project("{F184B08F-C81C-45F6-A57F-5ABD9991F28F}") = "DocumentProperties", "DocumentProperties.vbproj", "{7E4D15A9-5B57-4315-9E60-F143E7DE06A1}"
EndProject
Global
	GlobalSection(SolutionConfigurationPlatforms) = preSolution
		Debug|x86 = Debug|x86
		Release|x86 = Release|x86
	EndGlobalSection
	GlobalSection(ProjectConfigurationPlatforms) = postSolution
		{7E4D15A9-5B57-4315-9E60-F143E7DE06A1}.Debug|x86.ActiveCfg = Debug|x86
		{7E4D15A9-5B57-4315-9E60-F143E7DE06A1}.Debug|x86.Build.0 = Debug|x86
		{7E4D15A9-5B57-4315-9E60-F143E7DE06A1}.Release|x86.ActiveCfg = Release|x86
		{7E4D15A9-5B57-4315-9E60-F143E7DE06A1}.Release|x86.Build.0 = Release|x86
	EndGlobalSection
	GlobalSection(SolutionProperties) = preSolution
		HideSolutionNode = FALSE
	EndGlobalSection
EndGlobal
