
Microsoft Visual Studio Solution File, Format Version 12.00
# Visual Studio 15
VisualStudioVersion = 15.0.28307.136
MinimumVisualStudioVersion = 10.0.40219.1
Project("{FAE04EC0-301F-11D3-BF4B-00C04F79EFBC}") = "ISSOERasterAccess", "ISSOERasterAccess.csproj", "{6C04D81E-A0D0-42A5-BED8-C77B81EA81D1}"
EndProject
Global
	GlobalSection(SolutionConfigurationPlatforms) = preSolution
		Debug|Any CPU = Debug|Any CPU
		Release|Any CPU = Release|Any CPU
	EndGlobalSection
	GlobalSection(ProjectConfigurationPlatforms) = postSolution
		{6C04D81E-A0D0-42A5-BED8-C77B81EA81D1}.Debug|Any CPU.ActiveCfg = Debug|Any CPU
		{6C04D81E-A0D0-42A5-BED8-C77B81EA81D1}.Debug|Any CPU.Build.0 = Debug|Any CPU
		{6C04D81E-A0D0-42A5-BED8-C77B81EA81D1}.Release|Any CPU.ActiveCfg = Release|Any CPU
		{6C04D81E-A0D0-42A5-BED8-C77B81EA81D1}.Release|Any CPU.Build.0 = Release|Any CPU
	EndGlobalSection
	GlobalSection(SolutionProperties) = preSolution
		HideSolutionNode = FALSE
	EndGlobalSection
	GlobalSection(ExtensibilityGlobals) = postSolution
		SolutionGuid = {98B07879-4FAD-4133-BD00-001321AE170B}
	EndGlobalSection
EndGlobal
