
Microsoft Visual Studio Solution File, Format Version 11.00
# Visual Studio 
Project("{F184B08F-C81C-45F6-A57F-5ABD9991F28F}") = "CreateRasterCatalogs", "CreateRasterCatalogs.vbproj", "{1487203C-178B-45E9-80F6-5598514406EF}"
EndProject
Global
	GlobalSection(SolutionConfigurationPlatforms) = preSolution
		Debug|x86 = Debug|x86
		Release|x86 = Release|x86
	EndGlobalSection
	GlobalSection(ProjectConfigurationPlatforms) = postSolution
		{1487203C-178B-45E9-80F6-5598514406EF}.Debug|x86.ActiveCfg = Debug|x86
		{1487203C-178B-45E9-80F6-5598514406EF}.Debug|x86.Build.0 = Debug|x86
		{1487203C-178B-45E9-80F6-5598514406EF}.Release|x86.ActiveCfg = Release|x86
		{1487203C-178B-45E9-80F6-5598514406EF}.Release|x86.Build.0 = Release|x86
	EndGlobalSection
	GlobalSection(SolutionProperties) = preSolution
		HideSolutionNode = FALSE
	EndGlobalSection
EndGlobal
