
Microsoft Visual Studio Solution File, Format Version 12.00
# Visual Studio 2013
VisualStudioVersion = 12.0.31101.0
MinimumVisualStudioVersion = 10.0.40219.1
Project("{FAE04EC0-301F-11D3-BF4B-00C04F79EFBC}") = "HookActions", "HookActions.csproj", "{70B091EF-5F6D-489E-B1ED-A46D767B7901}"
EndProject
Global
	GlobalSection(SolutionConfigurationPlatforms) = preSolution
		Debug|x86 = Debug|x86
		Release|x86 = Release|x86
	EndGlobalSection
	GlobalSection(ProjectConfigurationPlatforms) = postSolution
		{70B091EF-5F6D-489E-B1ED-A46D767B7901}.Debug|x86.ActiveCfg = Debug|x86
		{70B091EF-5F6D-489E-B1ED-A46D767B7901}.Debug|x86.Build.0 = Debug|x86
		{70B091EF-5F6D-489E-B1ED-A46D767B7901}.Release|x86.ActiveCfg = Release|x86
		{70B091EF-5F6D-489E-B1ED-A46D767B7901}.Release|x86.Build.0 = Release|x86
	EndGlobalSection
	GlobalSection(SolutionProperties) = preSolution
		HideSolutionNode = FALSE
	EndGlobalSection
EndGlobal
