
Microsoft Visual Studio Solution File, Format Version 11.00
# Visual Studio 
Project("{F184B08F-C81C-45F6-A57F-5ABD9991F28F}") = "MoveGraphicAlongPath", "MoveGraphicAlongPath.vbproj", "{5D5BCB66-35A0-46A6-BD39-EEC4893A1040}"
EndProject
Global
	GlobalSection(SolutionConfigurationPlatforms) = preSolution
		Debug|Any CPU = Debug|Any CPU
		Debug|x86 = Debug|x86
		Release|Any CPU = Release|Any CPU
		Release|x86 = Release|x86
	EndGlobalSection
	GlobalSection(ProjectConfigurationPlatforms) = postSolution
		{5D5BCB66-35A0-46A6-BD39-EEC4893A1040}.Debug|Any CPU.ActiveCfg = Debug|Any CPU
		{5D5BCB66-35A0-46A6-BD39-EEC4893A1040}.Debug|Any CPU.Build.0 = Debug|Any CPU
		{5D5BCB66-35A0-46A6-BD39-EEC4893A1040}.Debug|x86.ActiveCfg = Debug|x86
		{5D5BCB66-35A0-46A6-BD39-EEC4893A1040}.Debug|x86.Build.0 = Debug|x86
		{5D5BCB66-35A0-46A6-BD39-EEC4893A1040}.Release|Any CPU.ActiveCfg = Release|Any CPU
		{5D5BCB66-35A0-46A6-BD39-EEC4893A1040}.Release|Any CPU.Build.0 = Release|Any CPU
		{5D5BCB66-35A0-46A6-BD39-EEC4893A1040}.Release|x86.ActiveCfg = Release|x86
		{5D5BCB66-35A0-46A6-BD39-EEC4893A1040}.Release|x86.Build.0 = Release|x86
	EndGlobalSection
	GlobalSection(SolutionProperties) = preSolution
		HideSolutionNode = FALSE
	EndGlobalSection
EndGlobal
