Microsoft Visual Studio Solution File, Format Version 12.00
# Visual Studio 2013
VisualStudioVersion = 12.0.31101.0
MinimumVisualStudioVersion = 10.0.40219.1
Project("{F184B08F-C81C-45F6-A57F-5ABD9991F28F}") = "MapTips", "MapTips.vbproj", "{3E3A29FD-A2ED-43ED-8333-4E88E889D10B}"
EndProject
Global
	GlobalSection(SolutionConfigurationPlatforms) = preSolution
		Debug|x86 = Debug|x86
		Release|x86 = Release|x86
	EndGlobalSection
	GlobalSection(ProjectConfigurationPlatforms) = postSolution
		{3E3A29FD-A2ED-43ED-8333-4E88E889D10B}.Debug|x86.ActiveCfg = Debug|x86
		{3E3A29FD-A2ED-43ED-8333-4E88E889D10B}.Debug|x86.Build.0 = Debug|x86
		{3E3A29FD-A2ED-43ED-8333-4E88E889D10B}.Release|x86.ActiveCfg = Release|x86
		{3E3A29FD-A2ED-43ED-8333-4E88E889D10B}.Release|x86.Build.0 = Release|x86
	EndGlobalSection
	GlobalSection(SolutionProperties) = preSolution
		HideSolutionNode = FALSE
	EndGlobalSection
EndGlobal
