Microsoft Visual Studio Solution File, Format Version 11.00
# Visual Studio 2010
Project("{FAE04EC0-301F-11D3-BF4B-00C04F79EFBC}") = "SimplePointPlugin", "SimplePointPlugin.csproj", "{DF72BC8D-E763-44FF-B419-D4C047B34548}"
EndProject
Global
	GlobalSection(SolutionConfigurationPlatforms) = preSolution
		Debug|Any CPU = Debug|Any CPU
		Release|Any CPU = Release|Any CPU
	EndGlobalSection
	GlobalSection(ProjectConfigurationPlatforms) = postSolution
		{DF72BC8D-E763-44FF-B419-D4C047B34548}.Debug|Any CPU.ActiveCfg = Debug|Any CPU
		{DF72BC8D-E763-44FF-B419-D4C047B34548}.Debug|Any CPU.Build.0 = Debug|Any CPU
		{DF72BC8D-E763-44FF-B419-D4C047B34548}.Release|Any CPU.ActiveCfg = Release|Any CPU
		{DF72BC8D-E763-44FF-B419-D4C047B34548}.Release|Any CPU.Build.0 = Release|Any CPU
	EndGlobalSection
	GlobalSection(SolutionProperties) = preSolution
		HideSolutionNode = FALSE
	EndGlobalSection
EndGlobal
