<?xml version="1.0" encoding="utf-8"?>
<Project ToolsVersion="4.0" xmlns="http://schemas.microsoft.com/developer/msbuild/2003">
  <ItemGroup>
    <Filter Include="Source Files">
      <UniqueIdentifier>{fcaa5ba8-1bdb-4764-bbe9-97fdf9197582}</UniqueIdentifier>
      <Extensions>cpp;c;cxx;rc;def;r;odl;idl;hpj;bat</Extensions>
    </Filter>
    <Filter Include="Header Files">
      <UniqueIdentifier>{10e43b3b-145e-4c26-a051-84a9ec499f52}</UniqueIdentifier>
      <Extensions>h;hpp;hxx;hm;inl</Extensions>
    </Filter>
    <Filter Include="Resource Files">
      <UniqueIdentifier>{847a60ea-311a-4c74-bb7b-b42b3e1c543a}</UniqueIdentifier>
      <Extensions>ico;cur;bmp;dlg;rc2;rct;bin;rgs;gif;jpg;jpeg;jpe</Extensions>
    </Filter>
  </ItemGroup>
  <ItemGroup>
    <ClCompile Include="ESRIutil.cpp">
      <Filter>Source Files</Filter>
    </ClCompile>
    <ClCompile Include="guids.cpp">
      <Filter>Source Files</Filter>
    </ClCompile>
    <ClCompile Include="SampleProvider.cpp">
      <Filter>Source Files</Filter>
    </ClCompile>
    <ClCompile Include="SampleProvRS.cpp">
      <Filter>Source Files</Filter>
    </ClCompile>
    <ClCompile Include="StdAfx.cpp">
      <Filter>Source Files</Filter>
    </ClCompile>
  </ItemGroup>
  <ItemGroup>
    <None Include="SampleProvider.def">
      <Filter>Source Files</Filter>
    </None>
    <None Include="SampleProv.rgs">
      <Filter>Resource Files</Filter>
    </None>
  </ItemGroup>
  <ItemGroup>
    <Midl Include="SampleProvider.idl">
      <Filter>Source Files</Filter>
    </Midl>
  </ItemGroup>
  <ItemGroup>
    <ResourceCompile Include="SampleProvider.rc">
      <Filter>Source Files</Filter>
    </ResourceCompile>
  </ItemGroup>
  <ItemGroup>
    <ClInclude Include="ESRIutil.h">
      <Filter>Header Files</Filter>
    </ClInclude>
    <ClInclude Include="IColumnsRowsetImpl.h">
      <Filter>Header Files</Filter>
    </ClInclude>
    <ClInclude Include="ICommandWithParametersImpl.h">
      <Filter>Header Files</Filter>
    </ClInclude>
    <ClInclude Include="OleDBGis.h">
      <Filter>Header Files</Filter>
    </ClInclude>
    <ClInclude Include="Resource.h">
      <Filter>Header Files</Filter>
    </ClInclude>
    <ClInclude Include="SampleProvDS.h">
      <Filter>Header Files</Filter>
    </ClInclude>
    <ClInclude Include="SampleProvRS.h">
      <Filter>Header Files</Filter>
    </ClInclude>
    <ClInclude Include="SampleProvSess.h">
      <Filter>Header Files</Filter>
    </ClInclude>
    <ClInclude Include="StdAfx.h">
      <Filter>Header Files</Filter>
    </ClInclude>
  </ItemGroup>
</Project>