
Microsoft Visual Studio Solution File, Format Version 11.00
# Visual Studio 
Project("{FAE04EC0-301F-11D3-BF4B-00C04F79EFBC}") = "TAUpdateControlSample", "TAUpdateControlSample.csproj", "{CFB0F676-C2FA-4A54-AC8C-795CD1050109}"
EndProject
Global
	GlobalSection(SolutionConfigurationPlatforms) = preSolution
		Debug|Any CPU = Debug|Any CPU
		Release|Any CPU = Release|Any CPU
	EndGlobalSection
	GlobalSection(ProjectConfigurationPlatforms) = postSolution
		{CFB0F676-C2FA-4A54-AC8C-795CD1050109}.Debug|Any CPU.ActiveCfg = Debug|Any CPU
		{CFB0F676-C2FA-4A54-AC8C-795CD1050109}.Debug|Any CPU.Build.0 = Debug|Any CPU
		{CFB0F676-C2FA-4A54-AC8C-795CD1050109}.Release|Any CPU.ActiveCfg = Release|Any CPU
		{CFB0F676-C2FA-4A54-AC8C-795CD1050109}.Release|Any CPU.Build.0 = Release|Any CPU
	EndGlobalSection
	GlobalSection(SolutionProperties) = preSolution
		HideSolutionNode = FALSE
	EndGlobalSection
EndGlobal
