
Microsoft Visual Studio Solution File, Format Version 11.00
# Visual Studio 
Project("{FAE04EC0-301F-11D3-BF4B-00C04F79EFBC}") = "GraphicsLayerToolControl", "GraphicsLayerToolControl.csproj", "{BFB44183-7FA7-4241-8018-65001E5B8002}"
EndProject
Global
	GlobalSection(SolutionConfigurationPlatforms) = preSolution
		Debug|Any CPU = Debug|Any CPU
		Release|Any CPU = Release|Any CPU
	EndGlobalSection
	GlobalSection(ProjectConfigurationPlatforms) = postSolution
		{BFB44183-7FA7-4241-8018-65001E5B8002}.Debug|Any CPU.ActiveCfg = Debug|Any CPU
		{BFB44183-7FA7-4241-8018-65001E5B8002}.Debug|Any CPU.Build.0 = Debug|Any CPU
		{BFB44183-7FA7-4241-8018-65001E5B8002}.Release|Any CPU.ActiveCfg = Release|Any CPU
		{BFB44183-7FA7-4241-8018-65001E5B8002}.Release|Any CPU.Build.0 = Release|Any CPU
	EndGlobalSection
	GlobalSection(SolutionProperties) = preSolution
		HideSolutionNode = FALSE
	EndGlobalSection
EndGlobal
