
Microsoft Visual Studio Solution File, Format Version 11.00
# Visual Studio 
Project("{FAE04EC0-301F-11D3-BF4B-00C04F79EFBC}") = "CustomNodataFilter", "CustomNodataFilter\CustomNodataFilter.csproj", "{09486B67-D766-4663-AE87-50D7D9805AF9}"
EndProject
Project("{FAE04EC0-301F-11D3-BF4B-00C04F79EFBC}") = "TestNodataFilter", "TestNodataFilter\TestNodataFilter.csproj", "{D2560E08-C963-420E-A855-24E98A9DE434}"
EndProject
Global
	GlobalSection(SolutionConfigurationPlatforms) = preSolution
		Debug|x86 = Debug|x86
		Release|x86 = Release|x86
	EndGlobalSection
	GlobalSection(ProjectConfigurationPlatforms) = postSolution
		{09486B67-D766-4663-AE87-50D7D9805AF9}.Debug|x86.ActiveCfg = Debug|x86
		{09486B67-D766-4663-AE87-50D7D9805AF9}.Debug|x86.Build.0 = Debug|x86
		{09486B67-D766-4663-AE87-50D7D9805AF9}.Release|x86.ActiveCfg = Release|x86
		{09486B67-D766-4663-AE87-50D7D9805AF9}.Release|x86.Build.0 = Release|x86
		{D2560E08-C963-420E-A855-24E98A9DE434}.Debug|x86.ActiveCfg = Debug|x86
		{D2560E08-C963-420E-A855-24E98A9DE434}.Debug|x86.Build.0 = Debug|x86
		{D2560E08-C963-420E-A855-24E98A9DE434}.Release|x86.ActiveCfg = Release|x86
		{D2560E08-C963-420E-A855-24E98A9DE434}.Release|x86.Build.0 = Release|x86
	EndGlobalSection
	GlobalSection(SolutionProperties) = preSolution
		HideSolutionNode = FALSE
	EndGlobalSection
EndGlobal
