
Microsoft Visual Studio Solution File, Format Version 12.00
# Visual Studio 15
VisualStudioVersion = 15.0.28307.136
MinimumVisualStudioVersion = 10.0.40219.1
Project("{FAE04EC0-301F-11D3-BF4B-00C04F79EFBC}") = "NetSimpleRESTSOE", "NetSimpleRESTSOE.csproj", "{B0979F40-400B-4ED3-9BA7-19478B350581}"
EndProject
Global
	GlobalSection(SolutionConfigurationPlatforms) = preSolution
		Debug|Any CPU = Debug|Any CPU
		Release|Any CPU = Release|Any CPU
	EndGlobalSection
	GlobalSection(ProjectConfigurationPlatforms) = postSolution
		{B0979F40-400B-4ED3-9BA7-19478B350581}.Debug|Any CPU.ActiveCfg = Debug|Any CPU
		{B0979F40-400B-4ED3-9BA7-19478B350581}.Debug|Any CPU.Build.0 = Debug|Any CPU
		{B0979F40-400B-4ED3-9BA7-19478B350581}.Release|Any CPU.ActiveCfg = Release|Any CPU
		{B0979F40-400B-4ED3-9BA7-19478B350581}.Release|Any CPU.Build.0 = Release|Any CPU
	EndGlobalSection
	GlobalSection(SolutionProperties) = preSolution
		HideSolutionNode = FALSE
	EndGlobalSection
	GlobalSection(ExtensibilityGlobals) = postSolution
		SolutionGuid = {5B6E2ABE-8AC7-4201-A022-AE291A9F0114}
	EndGlobalSection
EndGlobal
