Microsoft Visual Studio Solution File, Format Version 12.00
# Visual Studio 2013
VisualStudioVersion = 12.0.31101.0
MinimumVisualStudioVersion = 10.0.40219.1
Project("{F184B08F-C81C-45F6-A57F-5ABD9991F28F}") = "PanZoomVBNET", "PanZoomVBNET.vbproj", "{B014DC0A-E474-428A-8891-B9C65ABA70F2}"
EndProject
Global
	GlobalSection(SolutionConfigurationPlatforms) = preSolution
		Debug|Any CPU = Debug|Any CPU
		Release|Any CPU = Release|Any CPU
	EndGlobalSection
	GlobalSection(ProjectConfigurationPlatforms) = postSolution
		{B014DC0A-E474-428A-8891-B9C65ABA70F2}.Debug|Any CPU.ActiveCfg = Debug|Any CPU
		{B014DC0A-E474-428A-8891-B9C65ABA70F2}.Debug|Any CPU.Build.0 = Debug|Any CPU
		{B014DC0A-E474-428A-8891-B9C65ABA70F2}.Release|Any CPU.ActiveCfg = Release|Any CPU
		{B014DC0A-E474-428A-8891-B9C65ABA70F2}.Release|Any CPU.Build.0 = Release|Any CPU
	EndGlobalSection
	GlobalSection(SolutionProperties) = preSolution
		HideSolutionNode = FALSE
	EndGlobalSection
EndGlobal
