
Microsoft Visual Studio Solution File, Format Version 11.00
# Visual Studio 2010
Project("{8BC9CEB8-8B4A-11D0-8D11-00A0C91BC942}") = "GlobeDigitizePoint", "GlobeDigitizePoint2010.vcxproj", "{AE3544C7-90AE-4373-9316-59B83BF569D6}"
EndProject
Global
	GlobalSection(SolutionConfigurationPlatforms) = preSolution
		Unicode Debug|Win32 = Unicode Debug|Win32
		Unicode Release|Win32 = Unicode Release|Win32
	EndGlobalSection
	GlobalSection(ProjectConfigurationPlatforms) = postSolution
		{AE3544C7-90AE-4373-9316-59B83BF569D6}.Unicode Debug|Win32.ActiveCfg = Unicode Debug|Win32
		{AE3544C7-90AE-4373-9316-59B83BF569D6}.Unicode Debug|Win32.Build.0 = Unicode Debug|Win32
		{AE3544C7-90AE-4373-9316-59B83BF569D6}.Unicode Release|Win32.ActiveCfg = Unicode Release|Win32
		{AE3544C7-90AE-4373-9316-59B83BF569D6}.Unicode Release|Win32.Build.0 = Unicode Release|Win32
	EndGlobalSection
	GlobalSection(SolutionProperties) = preSolution
		HideSolutionNode = FALSE
	EndGlobalSection
EndGlobal
