
Microsoft Visual Studio Solution File, Format Version 12.00
# Visual Studio 2013
VisualStudioVersion = 12.0.31101.0
MinimumVisualStudioVersion = 10.0.40219.1
Project("{F184B08F-C81C-45F6-A57F-5ABD9991F28F}") = "VertexCommands", "Commands\VertexCommands.vbproj", "{B8F37B9F-1940-46BD-9841-9E3551E52485}"
EndProject
Project("{F184B08F-C81C-45F6-A57F-5ABD9991F28F}") = "Application", "Application\Application.vbproj", "{F3AFA2D5-28A0-4A22-A59A-94D330F3CB0F}"
EndProject
Global
	GlobalSection(SolutionConfigurationPlatforms) = preSolution
		Debug|x86 = Debug|x86
		Release|x86 = Release|x86
	EndGlobalSection
	GlobalSection(ProjectConfigurationPlatforms) = postSolution
		{B8F37B9F-1940-46BD-9841-9E3551E52485}.Debug|x86.ActiveCfg = Debug|x86
		{B8F37B9F-1940-46BD-9841-9E3551E52485}.Debug|x86.Build.0 = Debug|x86
		{B8F37B9F-1940-46BD-9841-9E3551E52485}.Release|x86.ActiveCfg = Release|x86
		{B8F37B9F-1940-46BD-9841-9E3551E52485}.Release|x86.Build.0 = Release|x86
		{F3AFA2D5-28A0-4A22-A59A-94D330F3CB0F}.Debug|x86.ActiveCfg = Debug|x86
		{F3AFA2D5-28A0-4A22-A59A-94D330F3CB0F}.Debug|x86.Build.0 = Debug|x86
		{F3AFA2D5-28A0-4A22-A59A-94D330F3CB0F}.Release|x86.ActiveCfg = Release|x86
		{F3AFA2D5-28A0-4A22-A59A-94D330F3CB0F}.Release|x86.Build.0 = Release|x86
	EndGlobalSection
	GlobalSection(SolutionProperties) = preSolution
		HideSolutionNode = FALSE
	EndGlobalSection
EndGlobal
