
Microsoft Visual Studio Solution File, Format Version 11.00
# Visual Studio 2010
Project("{FAE04EC0-301F-11D3-BF4B-00C04F79EFBC}") = "RecentFilesCommandsCS", "RecentFilesCommandsCS.csproj", "{081F3756-63CC-41F3-9C62-695201CD48ED}"
EndProject
Global
	GlobalSection(SolutionConfigurationPlatforms) = preSolution
		Debug|Any CPU = Debug|Any CPU
		Release|Any CPU = Release|Any CPU
	EndGlobalSection
	GlobalSection(ProjectConfigurationPlatforms) = postSolution
		{081F3756-63CC-41F3-9C62-695201CD48ED}.Debug|Any CPU.ActiveCfg = Debug|Any CPU
		{081F3756-63CC-41F3-9C62-695201CD48ED}.Debug|Any CPU.Build.0 = Debug|Any CPU
		{081F3756-63CC-41F3-9C62-695201CD48ED}.Release|Any CPU.ActiveCfg = Release|Any CPU
		{081F3756-63CC-41F3-9C62-695201CD48ED}.Release|Any CPU.Build.0 = Release|Any CPU
	EndGlobalSection
	GlobalSection(SolutionProperties) = preSolution
		HideSolutionNode = FALSE
	EndGlobalSection
EndGlobal
