
Microsoft Visual Studio Solution File, Format Version 11.00
# Visual Studio 
Project("{FAE04EC0-301F-11D3-BF4B-00C04F79EFBC}") = "RasterRenderMaker_1bittiff_csharp", "RasterRenderMaker_1bittiff_csharp.csproj", "{37B2336E-4D31-4FEA-B49D-6661E36A67FC}"
EndProject
Global
	GlobalSection(SolutionConfigurationPlatforms) = preSolution
		Debug|Any CPU = Debug|Any CPU
		Release|Any CPU = Release|Any CPU
	EndGlobalSection
	GlobalSection(ProjectConfigurationPlatforms) = postSolution
		{37B2336E-4D31-4FEA-B49D-6661E36A67FC}.Debug|Any CPU.ActiveCfg = Debug|Any CPU
		{37B2336E-4D31-4FEA-B49D-6661E36A67FC}.Debug|Any CPU.Build.0 = Debug|Any CPU
		{37B2336E-4D31-4FEA-B49D-6661E36A67FC}.Release|Any CPU.ActiveCfg = Release|Any CPU
		{37B2336E-4D31-4FEA-B49D-6661E36A67FC}.Release|Any CPU.Build.0 = Release|Any CPU
	EndGlobalSection
	GlobalSection(SolutionProperties) = preSolution
		HideSolutionNode = FALSE
	EndGlobalSection
EndGlobal
