
Microsoft Visual Studio Solution File, Format Version 11.00
# Visual Studio 
Project("{FAE04EC0-301F-11D3-BF4B-00C04F79EFBC}") = "PlayAnimation", "PlayAnimation.csproj", "{13667B8F-C7A7-466C-9BF9-A4BD7BC2743E}"
EndProject
Global
	GlobalSection(SolutionConfigurationPlatforms) = preSolution
		Debug|x86 = Debug|x86
		Release|x86 = Release|x86
	EndGlobalSection
	GlobalSection(ProjectConfigurationPlatforms) = postSolution
		{13667B8F-C7A7-466C-9BF9-A4BD7BC2743E}.Debug|x86.ActiveCfg = Debug|x86
		{13667B8F-C7A7-466C-9BF9-A4BD7BC2743E}.Debug|x86.Build.0 = Debug|x86
		{13667B8F-C7A7-466C-9BF9-A4BD7BC2743E}.Release|x86.ActiveCfg = Release|x86
		{13667B8F-C7A7-466C-9BF9-A4BD7BC2743E}.Release|x86.Build.0 = Release|x86
	EndGlobalSection
	GlobalSection(SolutionProperties) = preSolution
		HideSolutionNode = FALSE
	EndGlobalSection
EndGlobal
