
Microsoft Visual Studio Solution File, Format Version 12.00
# Visual Studio 15
VisualStudioVersion = 15.0.28307.136
MinimumVisualStudioVersion = 10.0.40219.1
Project("{FAE04EC0-301F-11D3-BF4B-00C04F79EFBC}") = "ServerApplyWatermarkImageServiceSOI", "ServerApplyWatermarkImageServiceSOI.csproj", "{62137B81-B479-48CD-9BB4-DC7A7EC2A835}"
EndProject
Global
	GlobalSection(SolutionConfigurationPlatforms) = preSolution
		Debug|Any CPU = Debug|Any CPU
		Release|Any CPU = Release|Any CPU
	EndGlobalSection
	GlobalSection(ProjectConfigurationPlatforms) = postSolution
		{62137B81-B479-48CD-9BB4-DC7A7EC2A835}.Debug|Any CPU.ActiveCfg = Debug|Any CPU
		{62137B81-B479-48CD-9BB4-DC7A7EC2A835}.Debug|Any CPU.Build.0 = Debug|Any CPU
		{62137B81-B479-48CD-9BB4-DC7A7EC2A835}.Release|Any CPU.ActiveCfg = Release|Any CPU
		{62137B81-B479-48CD-9BB4-DC7A7EC2A835}.Release|Any CPU.Build.0 = Release|Any CPU
	EndGlobalSection
	GlobalSection(SolutionProperties) = preSolution
		HideSolutionNode = FALSE
	EndGlobalSection
	GlobalSection(ExtensibilityGlobals) = postSolution
		SolutionGuid = {37916465-16F0-48FC-834C-42607A8DB58D}
	EndGlobalSection
EndGlobal
