
Microsoft Visual Studio Solution File, Format Version 12.00
# Visual Studio 2013
VisualStudioVersion = 12.0.31101.0
MinimumVisualStudioVersion = 10.0.40219.1
Project("{F184B08F-C81C-45F6-A57F-5ABD9991F28F}") = "LoadMapDocument", "LoadMapDocument.vbproj", "{BF31F531-A316-49E0-AAE4-EC58D8B0ABD1}"
EndProject
Global
	GlobalSection(SolutionConfigurationPlatforms) = preSolution
		Debug|x86 = Debug|x86
		Release|x86 = Release|x86
	EndGlobalSection
	GlobalSection(ProjectConfigurationPlatforms) = postSolution
		{BF31F531-A316-49E0-AAE4-EC58D8B0ABD1}.Debug|x86.ActiveCfg = Debug|x86
		{BF31F531-A316-49E0-AAE4-EC58D8B0ABD1}.Debug|x86.Build.0 = Debug|x86
		{BF31F531-A316-49E0-AAE4-EC58D8B0ABD1}.Release|x86.ActiveCfg = Release|x86
		{BF31F531-A316-49E0-AAE4-EC58D8B0ABD1}.Release|x86.Build.0 = Release|x86
	EndGlobalSection
	GlobalSection(SolutionProperties) = preSolution
		HideSolutionNode = FALSE
	EndGlobalSection
EndGlobal
