<?xml version="1.0" encoding="utf-8"?>
<Project ToolsVersion="4.0" xmlns="http://schemas.microsoft.com/developer/msbuild/2003">
  <ItemGroup>
    <Filter Include="Source Files">
      <UniqueIdentifier>{e4172257-ad90-44f5-a243-fd70e64472af}</UniqueIdentifier>
      <Extensions>cpp;c;cxx;rc;def;r;odl;idl;hpj;bat</Extensions>
    </Filter>
    <Filter Include="Header Files">
      <UniqueIdentifier>{b9895c71-1ef0-454a-8b68-28112fa33d66}</UniqueIdentifier>
      <Extensions>h;hpp;hxx;hm;inl</Extensions>
    </Filter>
    <Filter Include="Resource Files">
      <UniqueIdentifier>{81adaa51-13ff-47d9-8384-8d21a28c257e}</UniqueIdentifier>
      <Extensions>ico;cur;bmp;dlg;rc2;rct;bin;rgs;gif;jpg;jpeg;jpe</Extensions>
    </Filter>
  </ItemGroup>
  <ItemGroup>
    <ClCompile Include="GeneralUtils.cpp">
      <Filter>Source Files</Filter>
    </ClCompile>
    <ClCompile Include="SimplePointCursorHelper.cpp">
      <Filter>Source Files</Filter>
    </ClCompile>
    <ClCompile Include="SimplePointDatasetHelper.cpp">
      <Filter>Source Files</Filter>
    </ClCompile>
    <ClCompile Include="SimplePointVC.cpp">
      <Filter>Source Files</Filter>
    </ClCompile>
    <ClCompile Include="SimplePointWorkspaceFactory.cpp">
      <Filter>Source Files</Filter>
    </ClCompile>
    <ClCompile Include="SimplePointWorkspaceHelper.cpp">
      <Filter>Source Files</Filter>
    </ClCompile>
    <ClCompile Include="StdAfx.cpp">
      <Filter>Source Files</Filter>
    </ClCompile>
  </ItemGroup>
  <ItemGroup>
    <None Include="SimplePointVC.def">
      <Filter>Source Files</Filter>
    </None>
    <None Include="SimplePointCursorHelper.rgs">
      <Filter>Resource Files</Filter>
    </None>
    <None Include="SimplePointDatasetHelper.rgs">
      <Filter>Resource Files</Filter>
    </None>
    <None Include="SimplePointWorkspaceFactory.rgs">
      <Filter>Resource Files</Filter>
    </None>
    <None Include="SimplePointWorkspaceHelper.rgs">
      <Filter>Resource Files</Filter>
    </None>
  </ItemGroup>
  <ItemGroup>
    <Midl Include="SimplePointVC.idl">
      <Filter>Source Files</Filter>
    </Midl>
  </ItemGroup>
  <ItemGroup>
    <ResourceCompile Include="SimplePointVC.rc">
      <Filter>Source Files</Filter>
    </ResourceCompile>
  </ItemGroup>
  <ItemGroup>
    <ClInclude Include="ClassFactory.h">
      <Filter>Header Files</Filter>
    </ClInclude>
    <ClInclude Include="GeneralUtils.h">
      <Filter>Header Files</Filter>
    </ClInclude>
    <ClInclude Include="Resource.h">
      <Filter>Header Files</Filter>
    </ClInclude>
    <ClInclude Include="SimplePointCursorHelper.h">
      <Filter>Header Files</Filter>
    </ClInclude>
    <ClInclude Include="SimplePointDatasetHelper.h">
      <Filter>Header Files</Filter>
    </ClInclude>
    <ClInclude Include="SimplePointWorkspaceFactory.h">
      <Filter>Header Files</Filter>
    </ClInclude>
    <ClInclude Include="SimplePointWorkspaceHelper.h">
      <Filter>Header Files</Filter>
    </ClInclude>
    <ClInclude Include="StdAfx.h">
      <Filter>Header Files</Filter>
    </ClInclude>
  </ItemGroup>
</Project>