
Microsoft Visual Studio Solution File, Format Version 11.00
# Visual Studio 
Project("{F184B08F-C81C-45F6-A57F-5ABD9991F28F}") = "CustomExtCriteriaVBNet", "CustomExtCriteriaVBNet.vbproj", "{881B9D76-F181-4D9B-B991-04A4A5542FF1}"
EndProject
Global
	GlobalSection(SolutionConfigurationPlatforms) = preSolution
		Debug|Any CPU = Debug|Any CPU
		Release|Any CPU = Release|Any CPU
	EndGlobalSection
	GlobalSection(ProjectConfigurationPlatforms) = postSolution
		{881B9D76-F181-4D9B-B991-04A4A5542FF1}.Debug|Any CPU.ActiveCfg = Debug|Any CPU
		{881B9D76-F181-4D9B-B991-04A4A5542FF1}.Debug|Any CPU.Build.0 = Debug|Any CPU
		{881B9D76-F181-4D9B-B991-04A4A5542FF1}.Release|Any CPU.ActiveCfg = Release|Any CPU
		{881B9D76-F181-4D9B-B991-04A4A5542FF1}.Release|Any CPU.Build.0 = Release|Any CPU
	EndGlobalSection
	GlobalSection(SolutionProperties) = preSolution
		HideSolutionNode = FALSE
	EndGlobalSection
EndGlobal
