
Microsoft Visual Studio Solution File, Format Version 11.00
# Visual Studio 2010
Project("{FAE04EC0-301F-11D3-BF4B-00C04F79EFBC}") = "AddInEditorExtension", "AddInEditorExtension.csproj", "{ECCCE924-A943-4105-A3C2-0A8CF63E8BF6}"
EndProject
Global
	GlobalSection(SolutionConfigurationPlatforms) = preSolution
		Debug|Any CPU = Debug|Any CPU
		Release|Any CPU = Release|Any CPU
	EndGlobalSection
	GlobalSection(ProjectConfigurationPlatforms) = postSolution
		{ECCCE924-A943-4105-A3C2-0A8CF63E8BF6}.Debug|Any CPU.ActiveCfg = Debug|Any CPU
		{ECCCE924-A943-4105-A3C2-0A8CF63E8BF6}.Debug|Any CPU.Build.0 = Debug|Any CPU
		{ECCCE924-A943-4105-A3C2-0A8CF63E8BF6}.Release|Any CPU.ActiveCfg = Release|Any CPU
		{ECCCE924-A943-4105-A3C2-0A8CF63E8BF6}.Release|Any CPU.Build.0 = Release|Any CPU
	EndGlobalSection
	GlobalSection(SolutionProperties) = preSolution
		HideSolutionNode = FALSE
	EndGlobalSection
EndGlobal
