
Microsoft Visual Studio Solution File, Format Version 11.00
# Visual Studio 2012
Project("{FAE04EC0-301F-11D3-BF4B-00C04F79EFBC}") = "NetFindNearFeaturesRestSOE.VS2012", "FindNearFeaturesRESTSOE\NetFindNearFeaturesRestSOE.VS2012.csproj", "{BE9A5CEC-491F-4A06-9B0F-AD701E34CF0C}"
EndProject
Global
	GlobalSection(SolutionConfigurationPlatforms) = preSolution
		Debug|Any CPU = Debug|Any CPU
		Release|Any CPU = Release|Any CPU
	EndGlobalSection
	GlobalSection(ProjectConfigurationPlatforms) = postSolution
		{BE9A5CEC-491F-4A06-9B0F-AD701E34CF0C}.Debug|Any CPU.ActiveCfg = Debug|Any CPU
		{BE9A5CEC-491F-4A06-9B0F-AD701E34CF0C}.Debug|Any CPU.Build.0 = Debug|Any CPU
		{BE9A5CEC-491F-4A06-9B0F-AD701E34CF0C}.Release|Any CPU.ActiveCfg = Release|Any CPU
		{BE9A5CEC-491F-4A06-9B0F-AD701E34CF0C}.Release|Any CPU.Build.0 = Release|Any CPU
	EndGlobalSection
	GlobalSection(SolutionProperties) = preSolution
		HideSolutionNode = FALSE
	EndGlobalSection
EndGlobal
