
Microsoft Visual Studio Solution File, Format Version 11.00
# Visual Studio 
Project("{FAE04EC0-301F-11D3-BF4B-00C04F79EFBC}") = "SchematicFeatureRemoveCS", "SchematicFeatureRemoveCS.csproj", "{FA8B3CE0-5760-4A3B-873F-D787F6DE6E8E}"
EndProject
Global
	GlobalSection(SolutionConfigurationPlatforms) = preSolution
		Debug|Any CPU = Debug|Any CPU
		Release|Any CPU = Release|Any CPU
	EndGlobalSection
	GlobalSection(ProjectConfigurationPlatforms) = postSolution
		{FA8B3CE0-5760-4A3B-873F-D787F6DE6E8E}.Debug|Any CPU.ActiveCfg = Debug|Any CPU
		{FA8B3CE0-5760-4A3B-873F-D787F6DE6E8E}.Debug|Any CPU.Build.0 = Debug|Any CPU
		{FA8B3CE0-5760-4A3B-873F-D787F6DE6E8E}.Release|Any CPU.ActiveCfg = Release|Any CPU
		{FA8B3CE0-5760-4A3B-873F-D787F6DE6E8E}.Release|Any CPU.Build.0 = Release|Any CPU
	EndGlobalSection
	GlobalSection(SolutionProperties) = preSolution
		HideSolutionNode = FALSE
	EndGlobalSection
EndGlobal
