
Microsoft Visual Studio Solution File, Format Version 11.00
# Visual Studio 
Project("{FAE04EC0-301F-11D3-BF4B-00C04F79EFBC}") = "CreateRasterMosaic", "CreateRasterMosaic.csproj", "{42EF21D9-1699-4529-95E2-3B2AFE038802}"
EndProject
Global
	GlobalSection(SolutionConfigurationPlatforms) = preSolution
		Debug|x86 = Debug|x86
		Release|x86 = Release|x86
	EndGlobalSection
	GlobalSection(ProjectConfigurationPlatforms) = postSolution
		{42EF21D9-1699-4529-95E2-3B2AFE038802}.Debug|x86.ActiveCfg = Debug|x86
		{42EF21D9-1699-4529-95E2-3B2AFE038802}.Debug|x86.Build.0 = Debug|x86
		{42EF21D9-1699-4529-95E2-3B2AFE038802}.Release|x86.ActiveCfg = Release|x86
		{42EF21D9-1699-4529-95E2-3B2AFE038802}.Release|x86.Build.0 = Release|x86
	EndGlobalSection
	GlobalSection(SolutionProperties) = preSolution
		HideSolutionNode = FALSE
	EndGlobalSection
EndGlobal
