
Microsoft Visual Studio Solution File, Format Version 11.00
# Visual Studio 
Project("{FAE04EC0-301F-11D3-BF4B-00C04F79EFBC}") = "NetSimpleRESTSOEWithProperties.VS2012", "SimpleRESTSOEWithProperties\NetSimpleRESTSOEWithProperties.VS2012.csproj", "{50BB12A9-9647-4609-B578-A822E8DCBD79}"
EndProject
Project("{FAE04EC0-301F-11D3-BF4B-00C04F79EFBC}") = "NetSimpleRESTSOEWithProperties.Cat.VS2012", "SimpleRESTSOEWithProperties.Cat\NetSimpleRESTSOEWithProperties.Cat.VS2012.csproj", "{712B1FEF-3D31-4F1E-AC4B-EDAEFD7EDFA1}"
EndProject
Global
	GlobalSection(SolutionConfigurationPlatforms) = preSolution
		Debug|Any CPU = Debug|Any CPU
		Release|Any CPU = Release|Any CPU
	EndGlobalSection
	GlobalSection(ProjectConfigurationPlatforms) = postSolution
		{50BB12A9-9647-4609-B578-A822E8DCBD79}.Debug|Any CPU.ActiveCfg = Debug|Any CPU
		{50BB12A9-9647-4609-B578-A822E8DCBD79}.Debug|Any CPU.Build.0 = Debug|Any CPU
		{50BB12A9-9647-4609-B578-A822E8DCBD79}.Release|Any CPU.ActiveCfg = Release|Any CPU
		{50BB12A9-9647-4609-B578-A822E8DCBD79}.Release|Any CPU.Build.0 = Release|Any CPU
		{712B1FEF-3D31-4F1E-AC4B-EDAEFD7EDFA1}.Debug|Any CPU.ActiveCfg = Debug|Any CPU
		{712B1FEF-3D31-4F1E-AC4B-EDAEFD7EDFA1}.Debug|Any CPU.Build.0 = Debug|Any CPU
		{712B1FEF-3D31-4F1E-AC4B-EDAEFD7EDFA1}.Release|Any CPU.ActiveCfg = Release|Any CPU
		{712B1FEF-3D31-4F1E-AC4B-EDAEFD7EDFA1}.Release|Any CPU.Build.0 = Release|Any CPU
	EndGlobalSection
	GlobalSection(SolutionProperties) = preSolution
		HideSolutionNode = FALSE
	EndGlobalSection
EndGlobal
