
Microsoft Visual Studio Solution File, Format Version 11.00
# Visual Studio 
Project("{F184B08F-C81C-45F6-A57F-5ABD9991F28F}") = "CreateRasterMosaic", "CreateRasterMosaic.vbproj", "{E2118F82-6321-42A3-A850-129072740299}"
EndProject
Global
	GlobalSection(SolutionConfigurationPlatforms) = preSolution
		Debug|x86 = Debug|x86
		Release|x86 = Release|x86
	EndGlobalSection
	GlobalSection(ProjectConfigurationPlatforms) = postSolution
		{E2118F82-6321-42A3-A850-129072740299}.Debug|x86.ActiveCfg = Debug|x86
		{E2118F82-6321-42A3-A850-129072740299}.Debug|x86.Build.0 = Debug|x86
		{E2118F82-6321-42A3-A850-129072740299}.Release|x86.ActiveCfg = Release|x86
		{E2118F82-6321-42A3-A850-129072740299}.Release|x86.Build.0 = Release|x86
	EndGlobalSection
	GlobalSection(SolutionProperties) = preSolution
		HideSolutionNode = FALSE
	EndGlobalSection
EndGlobal
