
Microsoft Visual Studio Solution File, Format Version 11.00
# Visual Studio 
Project("{FAE04EC0-301F-11D3-BF4B-00C04F79EFBC}") = "TAAddHistoricalTrackingLayer", "TAAddHistoricalTrackingLayer.csproj", "{EB8865A0-3C1D-4789-9BE7-03073A33BDBF}"
EndProject
Global
	GlobalSection(SolutionConfigurationPlatforms) = preSolution
		Debug|Any CPU = Debug|Any CPU
		Release|Any CPU = Release|Any CPU
	EndGlobalSection
	GlobalSection(ProjectConfigurationPlatforms) = postSolution
		{EB8865A0-3C1D-4789-9BE7-03073A33BDBF}.Debug|Any CPU.ActiveCfg = Debug|Any CPU
		{EB8865A0-3C1D-4789-9BE7-03073A33BDBF}.Debug|Any CPU.Build.0 = Debug|Any CPU
		{EB8865A0-3C1D-4789-9BE7-03073A33BDBF}.Release|Any CPU.ActiveCfg = Release|Any CPU
		{EB8865A0-3C1D-4789-9BE7-03073A33BDBF}.Release|Any CPU.Build.0 = Release|Any CPU
	EndGlobalSection
	GlobalSection(SolutionProperties) = preSolution
		HideSolutionNode = FALSE
	EndGlobalSection
EndGlobal
