
Microsoft Visual Studio Solution File, Format Version 11.00
# Visual Studio 2010
Project("{FAE04EC0-301F-11D3-BF4B-00C04F79EFBC}") = "SelectionSample", "SelectionSample.csproj", "{E062A4AB-3C51-435E-8218-A41A64830DAE}"
EndProject
Global
	GlobalSection(SolutionConfigurationPlatforms) = preSolution
		Debug|Any CPU = Debug|Any CPU
		Release|Any CPU = Release|Any CPU
	EndGlobalSection
	GlobalSection(ProjectConfigurationPlatforms) = postSolution
		{E062A4AB-3C51-435E-8218-A41A64830DAE}.Debug|Any CPU.ActiveCfg = Debug|Any CPU
		{E062A4AB-3C51-435E-8218-A41A64830DAE}.Debug|Any CPU.Build.0 = Debug|Any CPU
		{E062A4AB-3C51-435E-8218-A41A64830DAE}.Release|Any CPU.ActiveCfg = Release|Any CPU
		{E062A4AB-3C51-435E-8218-A41A64830DAE}.Release|Any CPU.Build.0 = Release|Any CPU
	EndGlobalSection
	GlobalSection(SolutionProperties) = preSolution
		HideSolutionNode = FALSE
	EndGlobalSection
EndGlobal
