
Microsoft Visual Studio Solution File, Format Version 11.00
# Visual Studio 
Project("{F184B08F-C81C-45F6-A57F-5ABD9991F28F}") = "ThumbnailBuilder", "ThumbnailBuilder\ThumbnailBuilder.vbproj", "{66E24562-A436-4ABC-9A17-FBF0D12D3FFA}"
EndProject
Project("{F184B08F-C81C-45F6-A57F-5ABD9991F28F}") = "TestThumbnailBuilder", "TestThumbnailBuilder\TestThumbnailBuilder.vbproj", "{2D85830E-A0AF-47AD-AC46-63468DE11575}"
EndProject
Global
	GlobalSection(SolutionConfigurationPlatforms) = preSolution
		Debug|x86 = Debug|x86
		Release|x86 = Release|x86
	EndGlobalSection
	GlobalSection(ProjectConfigurationPlatforms) = postSolution
		{66E24562-A436-4ABC-9A17-FBF0D12D3FFA}.Debug|x86.ActiveCfg = Debug|x86
		{66E24562-A436-4ABC-9A17-FBF0D12D3FFA}.Debug|x86.Build.0 = Debug|x86
		{66E24562-A436-4ABC-9A17-FBF0D12D3FFA}.Release|x86.ActiveCfg = Release|x86
		{66E24562-A436-4ABC-9A17-FBF0D12D3FFA}.Release|x86.Build.0 = Release|x86
		{2D85830E-A0AF-47AD-AC46-63468DE11575}.Debug|x86.ActiveCfg = Debug|x86
		{2D85830E-A0AF-47AD-AC46-63468DE11575}.Debug|x86.Build.0 = Debug|x86
		{2D85830E-A0AF-47AD-AC46-63468DE11575}.Release|x86.ActiveCfg = Release|x86
		{2D85830E-A0AF-47AD-AC46-63468DE11575}.Release|x86.Build.0 = Release|x86
	EndGlobalSection
	GlobalSection(SolutionProperties) = preSolution
		HideSolutionNode = FALSE
	EndGlobalSection
EndGlobal
