Microsoft Visual Studio Solution File, Format Version 11.00
# Visual Studio 
Project("{FAE04EC0-301F-11D3-BF4B-00C04F79EFBC}") = "ExportNAClass", "ExportNAClass.csproj", "{0D4A805D-1915-480D-AF04-59314138BB4E}"
EndProject
Global
	GlobalSection(SolutionConfigurationPlatforms) = preSolution
		Debug|Any CPU = Debug|Any CPU
		Release|Any CPU = Release|Any CPU
	EndGlobalSection
	GlobalSection(ProjectConfigurationPlatforms) = postSolution
		{0D4A805D-1915-480D-AF04-59314138BB4E}.Debug|Any CPU.ActiveCfg = Debug|Any CPU
		{0D4A805D-1915-480D-AF04-59314138BB4E}.Debug|Any CPU.Build.0 = Debug|Any CPU
		{0D4A805D-1915-480D-AF04-59314138BB4E}.Release|Any CPU.ActiveCfg = Release|Any CPU
		{0D4A805D-1915-480D-AF04-59314138BB4E}.Release|Any CPU.Build.0 = Release|Any CPU
	EndGlobalSection
	GlobalSection(SolutionProperties) = preSolution
		HideSolutionNode = FALSE
	EndGlobalSection
EndGlobal
