
Microsoft Visual Studio Solution File, Format Version 11.00
# Visual Studio 2012
Project("{FAE04EC0-301F-11D3-BF4B-00C04F79EFBC}") = "NetSimpleLoggerSOI.VS2012", "SimpleLoggerSOI\NetSimpleLoggerSOI.VS2012.csproj", "{38D133C1-6F02-46BE-A411-40F77035D4ED}"
EndProject
Global
	GlobalSection(SolutionConfigurationPlatforms) = preSolution
		Debug|Any CPU = Debug|Any CPU
		Release|Any CPU = Release|Any CPU
	EndGlobalSection
	GlobalSection(ProjectConfigurationPlatforms) = postSolution
		{38D133C1-6F02-46BE-A411-40F77035D4ED}.Debug|Any CPU.ActiveCfg = Debug|Any CPU
		{38D133C1-6F02-46BE-A411-40F77035D4ED}.Debug|Any CPU.Build.0 = Debug|Any CPU
		{38D133C1-6F02-46BE-A411-40F77035D4ED}.Release|Any CPU.ActiveCfg = Release|Any CPU
		{38D133C1-6F02-46BE-A411-40F77035D4ED}.Release|Any CPU.Build.0 = Release|Any CPU
	EndGlobalSection
	GlobalSection(SolutionProperties) = preSolution
		HideSolutionNode = FALSE
	EndGlobalSection
EndGlobal
