
Microsoft Visual Studio Solution File, Format Version 11.00
# Visual Studio 2010
Project("{F184B08F-C81C-45F6-A57F-5ABD9991F28F}") = "TabbedFeatureInspectorVBNet", "TabbedFeatureInspectorVBNet.vbproj", "{8E980151-7367-40F9-BE4E-2B94E66AEF46}"
EndProject
Global
	GlobalSection(SolutionConfigurationPlatforms) = preSolution
		Debug|Any CPU = Debug|Any CPU
		Release|Any CPU = Release|Any CPU
	EndGlobalSection
	GlobalSection(ProjectConfigurationPlatforms) = postSolution
		{8E980151-7367-40F9-BE4E-2B94E66AEF46}.Debug|Any CPU.ActiveCfg = Debug|Any CPU
		{8E980151-7367-40F9-BE4E-2B94E66AEF46}.Debug|Any CPU.Build.0 = Debug|Any CPU
		{8E980151-7367-40F9-BE4E-2B94E66AEF46}.Release|Any CPU.ActiveCfg = Release|Any CPU
		{8E980151-7367-40F9-BE4E-2B94E66AEF46}.Release|Any CPU.Build.0 = Release|Any CPU
	EndGlobalSection
	GlobalSection(SolutionProperties) = preSolution
		HideSolutionNode = FALSE
	EndGlobalSection
EndGlobal
