
Microsoft Visual Studio Solution File, Format Version 11.00
# Visual Studio 
Project("{FAE04EC0-301F-11D3-BF4B-00C04F79EFBC}") = "EnforcingDiagramNameCS", "EnforcingDiagramNameCS.csproj", "{358A56AC-E5BA-4D8F-AB17-C343EBF31DCE}"
EndProject
Global
	GlobalSection(SolutionConfigurationPlatforms) = preSolution
		Debug|Any CPU = Debug|Any CPU
		Release|Any CPU = Release|Any CPU
	EndGlobalSection
	GlobalSection(ProjectConfigurationPlatforms) = postSolution
		{358A56AC-E5BA-4D8F-AB17-C343EBF31DCE}.Debug|Any CPU.ActiveCfg = Debug|Any CPU
		{358A56AC-E5BA-4D8F-AB17-C343EBF31DCE}.Debug|Any CPU.Build.0 = Debug|Any CPU
		{358A56AC-E5BA-4D8F-AB17-C343EBF31DCE}.Release|Any CPU.ActiveCfg = Release|Any CPU
		{358A56AC-E5BA-4D8F-AB17-C343EBF31DCE}.Release|Any CPU.Build.0 = Release|Any CPU
	EndGlobalSection
	GlobalSection(SolutionProperties) = preSolution
		HideSolutionNode = FALSE
	EndGlobalSection
EndGlobal
