
Microsoft Visual Studio Solution File, Format Version 12.00
# Visual Studio 15
VisualStudioVersion = 15.0.28307.136
MinimumVisualStudioVersion = 10.0.40219.1
Project("{FAE04EC0-301F-11D3-BF4B-00C04F79EFBC}") = "NetApplyWatermarkSOI", "NetApplyWatermarkSOI.csproj", "{1C397940-76A9-4A87-B94B-16933B1F49D2}"
EndProject
Global
	GlobalSection(SolutionConfigurationPlatforms) = preSolution
		Debug|Any CPU = Debug|Any CPU
		Release|Any CPU = Release|Any CPU
	EndGlobalSection
	GlobalSection(ProjectConfigurationPlatforms) = postSolution
		{1C397940-76A9-4A87-B94B-16933B1F49D2}.Debug|Any CPU.ActiveCfg = Debug|Any CPU
		{1C397940-76A9-4A87-B94B-16933B1F49D2}.Debug|Any CPU.Build.0 = Debug|Any CPU
		{1C397940-76A9-4A87-B94B-16933B1F49D2}.Release|Any CPU.ActiveCfg = Release|Any CPU
		{1C397940-76A9-4A87-B94B-16933B1F49D2}.Release|Any CPU.Build.0 = Release|Any CPU
	EndGlobalSection
	GlobalSection(SolutionProperties) = preSolution
		HideSolutionNode = FALSE
	EndGlobalSection
	GlobalSection(ExtensibilityGlobals) = postSolution
		SolutionGuid = {A13D64F3-EBE4-4309-A73E-A0DF0945F431}
	EndGlobalSection
EndGlobal
