Microsoft Visual Studio Solution File, Format Version 11.00
# Visual Studio 
Project("{FAE04EC0-301F-11D3-BF4B-00C04F79EFBC}") = "AttributeQuery", "AttributeQuery.csproj", "{A81DC9E9-E34B-473E-9EE6-4DB1FA021347}"
EndProject
Global
	GlobalSection(SolutionConfigurationPlatforms) = preSolution
		Debug|x86 = Debug|x86
		Release|x86 = Release|x86
	EndGlobalSection
	GlobalSection(ProjectConfigurationPlatforms) = postSolution
		{A81DC9E9-E34B-473E-9EE6-4DB1FA021347}.Debug|x86.ActiveCfg = Debug|x86
		{A81DC9E9-E34B-473E-9EE6-4DB1FA021347}.Debug|x86.Build.0 = Debug|x86
		{A81DC9E9-E34B-473E-9EE6-4DB1FA021347}.Release|x86.ActiveCfg = Release|x86
		{A81DC9E9-E34B-473E-9EE6-4DB1FA021347}.Release|x86.Build.0 = Release|x86
	EndGlobalSection
	GlobalSection(SolutionProperties) = preSolution
		HideSolutionNode = FALSE
	EndGlobalSection
EndGlobal
